# THIS IS AN AUTOGENERATED FILE. DO NOT EDIT THIS FILE DIRECTLY.
# yarn lockfile v1


gcfs@^1.0.2:
  version "1.0.2"
  resolved "https://registry.yarnpkg.com/gcfs/-/gcfs-1.0.2.tgz#3081dbf8bc08cda6c4d9b68014663162d85c4444"
  integrity sha512-MBwQ7sO4m4Mlxy/X6ah4p0PzqrIJUIVMDr841LJjb69hRa73l5tGmAOkWvTEzTGlQwQhdciAs9RXlT8HrC9IxA==
